<?xml version="1.0" encoding="utf-8"?>
<Project ToolsVersion="4.0" xmlns="http://schemas.microsoft.com/developer/msbuild/2003">
  <ItemGroup>
    <Filter Include="Source Files">
      <UniqueIdentifier>{4FC737F1-C7A5-4376-A066-2A32D752A2FF}</UniqueIdentifier>
      <Extensions>cpp;c;cc;cxx;def;odl;idl;hpj;bat;asm;asmx</Extensions>
    </Filter>
    <Filter Include="Header Files">
      <UniqueIdentifier>{93995380-89BD-4b04-88EB-625FBE52EBFB}</UniqueIdentifier>
      <Extensions>h;hh;hpp;hxx;hm;inl;inc;ipp;xsd</Extensions>
    </Filter>
    <Filter Include="Resource Files">
      <UniqueIdentifier>{67DA6AB6-F800-4c08-8B7A-83BB121AAD01}</UniqueIdentifier>
      <Extensions>rc;ico;cur;bmp;dlg;rc2;rct;bin;rgs;gif;jpg;jpeg;jpe;resx;tiff;tif;png;wav;mfcribbon-ms</Extensions>
    </Filter>
  </ItemGroup>
  <ItemGroup>
    <ClInclude Include="src\RetroGF.h">
      <Filter>Header Files</Filter>
    </ClInclude>
    <ClInclude Include="src\RetroGF\Application.h">
      <Filter>Header Files</Filter>
    </ClInclude>
    <ClInclude Include="src\RetroGF\Core.h">
      <Filter>Header Files</Filter>
    </ClInclude>
    <ClInclude Include="src\RetroGF\EntryPoint.h">
      <Filter>Header Files</Filter>
    </ClInclude>
    <ClInclude Include="src\RetroGF\Log.h">
      <Filter>Header Files</Filter>
    </ClInclude>
    <ClInclude Include="src\RetroGF\Events\Event.h">
      <Filter>Header Files</Filter>
    </ClInclude>
    <ClInclude Include="src\RetroGF\Events\KeyEvents.h">
      <Filter>Header Files</Filter>
    </ClInclude>
    <ClInclude Include="src\RetroGF\Events\WindowEvents.h">
      <Filter>Header Files</Filter>
    </ClInclude>
    <ClInclude Include="src\RetroGF\Events\MouseEvents.h">
      <Filter>Header Files</Filter>
    </ClInclude>
    <ClInclude Include="src\RetroGF\Platform\Windows\WindowsWindow.h">
      <Filter>Header Files</Filter>
    </ClInclude>
    <ClInclude Include="src\RetroGF\WindowImpl.h">
      <Filter>Header Files</Filter>
    </ClInclude>
    <ClInclude Include="src\RGFpch.h">
      <Filter>Header Files</Filter>
    </ClInclude>
    <ClInclude Include="src\RetroGF\Layer.h">
      <Filter>Header Files</Filter>
    </ClInclude>
    <ClInclude Include="src\RetroGF\LayerStack.h">
      <Filter>Header Files</Filter>
    </ClInclude>
    <ClInclude Include="vendor\IMGUI\imconfig.h">
      <Filter>Header Files</Filter>
    </ClInclude>
    <ClInclude Include="vendor\IMGUI\imgui.h">
      <Filter>Header Files</Filter>
    </ClInclude>
    <ClInclude Include="vendor\IMGUI\imgui_internal.h">
      <Filter>Header Files</Filter>
    </ClInclude>
    <ClInclude Include="vendor\IMGUI\imstb_rectpack.h">
      <Filter>Header Files</Filter>
    </ClInclude>
    <ClInclude Include="vendor\IMGUI\imstb_textedit.h">
      <Filter>Header Files</Filter>
    </ClInclude>
    <ClInclude Include="vendor\IMGUI\imstb_truetype.h">
      <Filter>Header Files</Filter>
    </ClInclude>
    <ClInclude Include="vendor\IMGUI\examples\imgui_impl_opengl3.h">
      <Filter>Header Files</Filter>
    </ClInclude>
    <ClInclude Include="vendor\IMGUI\examples\imgui_impl_glfw.h">
      <Filter>Header Files</Filter>
    </ClInclude>
    <ClInclude Include="src\RetroGF\Imgui\ImguiLayer.h">
      <Filter>Header Files</Filter>
    </ClInclude>
  </ItemGroup>
  <ItemGroup>
    <ClCompile Include="src\RetroGF\Application.cpp">
      <Filter>Source Files</Filter>
    </ClCompile>
    <ClCompile Include="src\RetroGF\Log.cpp">
      <Filter>Source Files</Filter>
    </ClCompile>
    <ClCompile Include="src\RetroGF\Platform\Windows\WindowsWindow.cpp">
      <Filter>Source Files</Filter>
    </ClCompile>
    <ClCompile Include="src\RGFpch.cpp">
      <Filter>Source Files</Filter>
    </ClCompile>
    <ClCompile Include="src\RetroGF\LayerStack.cpp">
      <Filter>Source Files</Filter>
    </ClCompile>
    <ClCompile Include="vendor\IMGUI\imgui.cpp">
      <Filter>Source Files</Filter>
    </ClCompile>
    <ClCompile Include="vendor\IMGUI\imgui_demo.cpp">
      <Filter>Source Files</Filter>
    </ClCompile>
    <ClCompile Include="vendor\IMGUI\imgui_draw.cpp">
      <Filter>Source Files</Filter>
    </ClCompile>
    <ClCompile Include="vendor\IMGUI\imgui_widgets.cpp">
      <Filter>Source Files</Filter>
    </ClCompile>
    <ClCompile Include="src\RetroGF\Imgui\BuildImguiFiles.cpp">
      <Filter>Source Files</Filter>
    </ClCompile>
    <ClCompile Include="vendor\IMGUI\examples\imgui_impl_opengl3.cpp">
      <Filter>Source Files</Filter>
    </ClCompile>
    <ClCompile Include="vendor\IMGUI\examples\imgui_impl_glfw.cpp">
      <Filter>Source Files</Filter>
    </ClCompile>
    <ClCompile Include="src\RetroGF\Imgui\ImguiLayer.cpp">
      <Filter>Source Files</Filter>
    </ClCompile>
  </ItemGroup>
</Project>